Microsoft Visual Studio Solution File, Format Version 12.00
# Visual Studio Version 17
VisualStudioVersion = 17.5.2.0
MinimumVisualStudioVersion = 10.0.40219.1
Project("{FAE04EC0-301F-11D3-BF4B-00C04F79EFBC}") = "AIHealthMonitor", "AIHealthMonitor.csproj", "{38EC157D-2D6C-B733-4931-AEB3A30E6C0E}"
EndProject
Global
	GlobalSection(SolutionConfigurationPlatforms) = preSolution
		Debug|Any CPU = Debug|Any CPU
		Release|Any CPU = Release|Any CPU
	EndGlobalSection
	GlobalSection(ProjectConfigurationPlatforms) = postSolution
		{38EC157D-2D6C-B733-4931-AEB3A30E6C0E}.Debug|Any CPU.ActiveCfg = Debug|Any CPU
		{38EC157D-2D6C-B733-4931-AEB3A30E6C0E}.Debug|Any CPU.Build.0 = Debug|Any CPU
		{38EC157D-2D6C-B733-4931-AEB3A30E6C0E}.Release|Any CPU.ActiveCfg = Release|Any CPU
		{38EC157D-2D6C-B733-4931-AEB3A30E6C0E}.Release|Any CPU.Build.0 = Release|Any CPU
	EndGlobalSection
	GlobalSection(SolutionProperties) = preSolution
		HideSolutionNode = FALSE
	EndGlobalSection
	GlobalSection(ExtensibilityGlobals) = postSolution
		SolutionGuid = {B822C054-C326-4787-B5B0-63C646278F1E}
	EndGlobalSection
EndGlobal
